
Microsoft Visual Studio Solution File, Format Version 11.00
# Visual Studio 2010
Project("{FAE04EC0-301F-11D3-BF4B-00C04F79EFBC}") = "Hangman_Assignment", "Hangman_Assignment.csproj", "{CA3E8601-8D9E-42D7-AFEB-4D8B5DB1B63E}"
EndProject
Global
	GlobalSection(SolutionConfigurationPlatforms) = preSolution
		Debug|Any CPU = Debug|Any CPU
		Release|Any CPU = Release|Any CPU
	EndGlobalSection
	GlobalSection(ProjectConfigurationPlatforms) = postSolution
		{CA3E8601-8D9E-42D7-AFEB-4D8B5DB1B63E}.Debug|Any CPU.ActiveCfg = Debug|Any CPU
		{CA3E8601-8D9E-42D7-AFEB-4D8B5DB1B63E}.Debug|Any CPU.Build.0 = Debug|Any CPU
		{CA3E8601-8D9E-42D7-AFEB-4D8B5DB1B63E}.Release|Any CPU.ActiveCfg = Release|Any CPU
		{CA3E8601-8D9E-42D7-AFEB-4D8B5DB1B63E}.Release|Any CPU.Build.0 = Release|Any CPU
	EndGlobalSection
EndGlobal
